
Microsoft Visual Studio Solution File, Format Version 12.00
# Visual Studio Version 17
VisualStudioVersion = 17.14.36511.14
MinimumVisualStudioVersion = 10.0.40219.1
Project("{2150E333-8FDC-42A3-9474-1A3956D46DE8}") = "Task0", "Task0", "{02EA681E-C7D8-13C7-8484-4AC65E1B71E8}"
EndProject
Project("{FAE04EC0-301F-11D3-BF4B-00C04F79EFBC}") = "Tyuiu.YushkovaES.Sprint1.Task0.V24", "Tyuiu.YushkovaES.Sprint1.Task0.V24\Tyuiu.YushkovaES.Sprint1.Task0.V24.csproj", "{0C508A14-7004-4B01-AE8E-C7E48B4660A3}"
EndProject
Project("{FAE04EC0-301F-11D3-BF4B-00C04F79EFBC}") = "Tyuiu.YushkovaES.Sprint1.Task0.V24.Test", "Tyuiu.YushkovaES.Sprint1.Task0.V24.Test\Tyuiu.YushkovaES.Sprint1.Task0.V24.Test.csproj", "{F3D2C29A-5D64-47B2-88E5-31FC0295019E}"
EndProject
Project("{2150E333-8FDC-42A3-9474-1A3956D46DE8}") = "Task1", "Task1", "{8E325360-7A55-456C-A3B3-1D929052722B}"
EndProject
Project("{FAE04EC0-301F-11D3-BF4B-00C04F79EFBC}") = "Tyuiu.YushkovaES.Sprint1.Task0.V24.Lib", "Tyuiu.YushkovaES.Sprint1.Task0.V24.Lib\Tyuiu.YushkovaES.Sprint1.Task0.V24.Lib.csproj", "{49C0FF2D-D5E7-48CA-B739-9D729FE758DC}"
EndProject
Project("{FAE04EC0-301F-11D3-BF4B-00C04F79EFBC}") = "Tyuiu.YushkovaES.Sprint1.Task1.V5", "Tyuiu.YushkovaES.Sprint1.Task1.V5\Tyuiu.YushkovaES.Sprint1.Task1.V5.csproj", "{C3E0D42B-A3BA-4381-92EE-82C69F6E4779}"
EndProject
Project("{FAE04EC0-301F-11D3-BF4B-00C04F79EFBC}") = "Tyuiu.YushkovaES.Sprint1.Task1.V5.Lib", "Tyuiu.YushkovaES.Sprint1.Task1.V5.Lib\Tyuiu.YushkovaES.Sprint1.Task1.V5.Lib.csproj", "{F153527A-59DF-4432-B6F5-FDEE41CEC4BE}"
EndProject
Project("{FAE04EC0-301F-11D3-BF4B-00C04F79EFBC}") = "Tyuiu.YushkovaES.Sprint1.Task1.V5.Test", "Tyuiu.YushkovaES.Sprint1.Task1.V5.Test\Tyuiu.YushkovaES.Sprint1.Task1.V5.Test.csproj", "{B0264CB1-DFAC-4A5C-9934-0983A5F98C78}"
EndProject
Project("{2150E333-8FDC-42A3-9474-1A3956D46DE8}") = "Task2", "Task2", "{5CD967BB-4B53-4AC6-BD11-1A6E44955667}"
EndProject
Project("{FAE04EC0-301F-11D3-BF4B-00C04F79EFBC}") = "Tyuiu.YushkovaES.Sprint1.Task2.V5", "Tyuiu.YushkovaES.Sprint1.Task2.V5\Tyuiu.YushkovaES.Sprint1.Task2.V5.csproj", "{418A8DDD-A7EF-4F34-B111-54EA6DFEBB97}"
EndProject
Project("{FAE04EC0-301F-11D3-BF4B-00C04F79EFBC}") = "Tyuiu.YushkovaES.Sprint1.Task2.V5.Lib", "Tyuiu.YushkovaES.Sprint1.Task2.V5.Lib\Tyuiu.YushkovaES.Sprint1.Task2.V5.Lib.csproj", "{B533692A-94B4-484E-8CE3-48E0EF1400D0}"
EndProject
Project("{FAE04EC0-301F-11D3-BF4B-00C04F79EFBC}") = "Tyuiu.YushkovaES.Sprint1.Task2.V5.Test", "Tyuiu.YushkovaES.Sprint1.Task2.V5.Test\Tyuiu.YushkovaES.Sprint1.Task2.V5.Test.csproj", "{7C29E037-7019-41CA-B642-54BF2F2FE16B}"
EndProject
Project("{2150E333-8FDC-42A3-9474-1A3956D46DE8}") = "Task3", "Task3", "{AD39C9F8-B258-4B98-B4DB-BA553424D4C5}"
EndProject
Project("{FAE04EC0-301F-11D3-BF4B-00C04F79EFBC}") = "Tyuiu.YushkovaES.Sprint1.Task3.V2", "Tyuiu.YushkovaES.Sprint1.Task3.V2\Tyuiu.YushkovaES.Sprint1.Task3.V2.csproj", "{54588F9E-D36E-4E57-A88E-187FDCEC2DA2}"
EndProject
Project("{FAE04EC0-301F-11D3-BF4B-00C04F79EFBC}") = "Tyuiu.YushkovaES.Sprint1.Task3.V2.Lib", "Tyuiu.YushkovaES.Sprint1.Task3.V2.Lib\Tyuiu.YushkovaES.Sprint1.Task3.V2.Lib.csproj", "{AE0C1964-0CB6-492B-946A-1C60ABDB1889}"
EndProject
Project("{FAE04EC0-301F-11D3-BF4B-00C04F79EFBC}") = "Tyuiu.YushkovaES.Sprint1.Task3.V2.Test", "Tyuiu.YushkovaES.Sprint1.Task3.V2.Test\Tyuiu.YushkovaES.Sprint1.Task3.V2.Test.csproj", "{A310FD99-2B11-4F0A-A831-2576D2525E1B}"
EndProject
Project("{2150E333-8FDC-42A3-9474-1A3956D46DE8}") = "Task4", "Task4", "{92CC9C60-6432-43D7-968F-3BB5C195924A}"
EndProject
Project("{FAE04EC0-301F-11D3-BF4B-00C04F79EFBC}") = "Tyuiu.YushkovaES.Sprint1.Task4.V22", "Tyuiu.YushkovaES.Sprint1.Task4.V22\Tyuiu.YushkovaES.Sprint1.Task4.V22.csproj", "{26712E25-BC6F-4940-BCD0-C030E295FD00}"
EndProject
Project("{FAE04EC0-301F-11D3-BF4B-00C04F79EFBC}") = "Tyuiu.YushkovaES.Sprint1.Task4.V22.Lib", "Tyuiu.YushkovaES.Sprint1.Task4.V22.Lib\Tyuiu.YushkovaES.Sprint1.Task4.V22.Lib.csproj", "{40630078-C439-4CF9-B4BA-4CBD87DA90ED}"
EndProject
Project("{FAE04EC0-301F-11D3-BF4B-00C04F79EFBC}") = "Tyuiu.YushkovaES.Sprint1.Task4.V22.Test", "Tyuiu.YushkovaES.Sprint1.Task4.V22.Test\Tyuiu.YushkovaES.Sprint1.Task4.V22.Test.csproj", "{05866662-3653-4DD4-BE2C-A6F7BFFAC796}"
EndProject
Project("{2150E333-8FDC-42A3-9474-1A3956D46DE8}") = "Task5", "Task5", "{685DACED-B1CB-4D17-A6AE-FDD0C541398F}"
EndProject
Project("{FAE04EC0-301F-11D3-BF4B-00C04F79EFBC}") = "Tyuiu.YushkovaES.Sprint1.Task5.V3", "Tyuiu.YushkovaES.Sprint1.Task5.V3\Tyuiu.YushkovaES.Sprint1.Task5.V3.csproj", "{20269470-CEF2-4EAD-A798-AE701880E9EE}"
EndProject
Project("{FAE04EC0-301F-11D3-BF4B-00C04F79EFBC}") = "Tyuiu.YushkovaES.Sprint1.Task5.V3.Lib", "Tyuiu.YushkovaES.Sprint1.Task5.V3.Lib\Tyuiu.YushkovaES.Sprint1.Task5.V3.Lib.csproj", "{80D904C8-CF55-4F06-BBCF-8AF78115D63F}"
EndProject
Project("{FAE04EC0-301F-11D3-BF4B-00C04F79EFBC}") = "Tyuiu.YushkovaES.Sprint1.Task5.V3.Test", "Tyuiu.YushkovaES.Sprint1.Task5.V3.Test\Tyuiu.YushkovaES.Sprint1.Task5.V3.Test.csproj", "{C7E70D00-9290-4E69-A4BF-F4D5E1DC948E}"
EndProject
Project("{2150E333-8FDC-42A3-9474-1A3956D46DE8}") = "Task6", "Task6", "{5A71B637-B898-4845-94C1-E2DD33E3B6F5}"
EndProject
Project("{FAE04EC0-301F-11D3-BF4B-00C04F79EFBC}") = "Tyuiu.YushkovaES.Sprint1.Task6.V5", "Tyuiu.YushkovaES.Sprint1.Task6.V5\Tyuiu.YushkovaES.Sprint1.Task6.V5.csproj", "{975F088F-59F9-482C-85A1-E3BAF95B6477}"
EndProject
Project("{FAE04EC0-301F-11D3-BF4B-00C04F79EFBC}") = "Tyuiu.YushkovaES.Sprint1.Task6.V5.Lib", "Tyuiu.YushkovaES.Sprint1.Task6.V5.Lib\Tyuiu.YushkovaES.Sprint1.Task6.V5.Lib.csproj", "{E37A649A-8A3D-44E3-B741-EA5F0737355A}"
EndProject
Project("{FAE04EC0-301F-11D3-BF4B-00C04F79EFBC}") = "Tyuiu.YushkovaES.Sprint1.Task6.V5.Test", "Tyuiu.YushkovaES.Sprint1.Task6.V5.Test\Tyuiu.YushkovaES.Sprint1.Task6.V5.Test.csproj", "{023CB3DE-93BF-44F2-8F1D-598ED94466EC}"
EndProject
Global
	GlobalSection(SolutionConfigurationPlatforms) = preSolution
		Debug|Any CPU = Debug|Any CPU
		Release|Any CPU = Release|Any CPU
	EndGlobalSection
	GlobalSection(ProjectConfigurationPlatforms) = postSolution
		{0C508A14-7004-4B01-AE8E-C7E48B4660A3}.Debug|Any CPU.ActiveCfg = Debug|Any CPU
		{0C508A14-7004-4B01-AE8E-C7E48B4660A3}.Debug|Any CPU.Build.0 = Debug|Any CPU
		{0C508A14-7004-4B01-AE8E-C7E48B4660A3}.Release|Any CPU.ActiveCfg = Release|Any CPU
		{0C508A14-7004-4B01-AE8E-C7E48B4660A3}.Release|Any CPU.Build.0 = Release|Any CPU
		{F3D2C29A-5D64-47B2-88E5-31FC0295019E}.Debug|Any CPU.ActiveCfg = Debug|Any CPU
		{F3D2C29A-5D64-47B2-88E5-31FC0295019E}.Debug|Any CPU.Build.0 = Debug|Any CPU
		{F3D2C29A-5D64-47B2-88E5-31FC0295019E}.Release|Any CPU.ActiveCfg = Release|Any CPU
		{F3D2C29A-5D64-47B2-88E5-31FC0295019E}.Release|Any CPU.Build.0 = Release|Any CPU
		{49C0FF2D-D5E7-48CA-B739-9D729FE758DC}.Debug|Any CPU.ActiveCfg = Debug|Any CPU
		{49C0FF2D-D5E7-48CA-B739-9D729FE758DC}.Debug|Any CPU.Build.0 = Debug|Any CPU
		{49C0FF2D-D5E7-48CA-B739-9D729FE758DC}.Release|Any CPU.ActiveCfg = Release|Any CPU
		{49C0FF2D-D5E7-48CA-B739-9D729FE758DC}.Release|Any CPU.Build.0 = Release|Any CPU
		{C3E0D42B-A3BA-4381-92EE-82C69F6E4779}.Debug|Any CPU.ActiveCfg = Debug|Any CPU
		{C3E0D42B-A3BA-4381-92EE-82C69F6E4779}.Debug|Any CPU.Build.0 = Debug|Any CPU
		{C3E0D42B-A3BA-4381-92EE-82C69F6E4779}.Release|Any CPU.ActiveCfg = Release|Any CPU
		{C3E0D42B-A3BA-4381-92EE-82C69F6E4779}.Release|Any CPU.Build.0 = Release|Any CPU
		{F153527A-59DF-4432-B6F5-FDEE41CEC4BE}.Debug|Any CPU.ActiveCfg = Debug|Any CPU
		{F153527A-59DF-4432-B6F5-FDEE41CEC4BE}.Debug|Any CPU.Build.0 = Debug|Any CPU
		{F153527A-59DF-4432-B6F5-FDEE41CEC4BE}.Release|Any CPU.ActiveCfg = Release|Any CPU
		{F153527A-59DF-4432-B6F5-FDEE41CEC4BE}.Release|Any CPU.Build.0 = Release|Any CPU
		{B0264CB1-DFAC-4A5C-9934-0983A5F98C78}.Debug|Any CPU.ActiveCfg = Debug|Any CPU
		{B0264CB1-DFAC-4A5C-9934-0983A5F98C78}.Debug|Any CPU.Build.0 = Debug|Any CPU
		{B0264CB1-DFAC-4A5C-9934-0983A5F98C78}.Release|Any CPU.ActiveCfg = Release|Any CPU
		{B0264CB1-DFAC-4A5C-9934-0983A5F98C78}.Release|Any CPU.Build.0 = Release|Any CPU
		{418A8DDD-A7EF-4F34-B111-54EA6DFEBB97}.Debug|Any CPU.ActiveCfg = Debug|Any CPU
		{418A8DDD-A7EF-4F34-B111-54EA6DFEBB97}.Debug|Any CPU.Build.0 = Debug|Any CPU
		{418A8DDD-A7EF-4F34-B111-54EA6DFEBB97}.Release|Any CPU.ActiveCfg = Release|Any CPU
		{418A8DDD-A7EF-4F34-B111-54EA6DFEBB97}.Release|Any CPU.Build.0 = Release|Any CPU
		{B533692A-94B4-484E-8CE3-48E0EF1400D0}.Debug|Any CPU.ActiveCfg = Debug|Any CPU
		{B533692A-94B4-484E-8CE3-48E0EF1400D0}.Debug|Any CPU.Build.0 = Debug|Any CPU
		{B533692A-94B4-484E-8CE3-48E0EF1400D0}.Release|Any CPU.ActiveCfg = Release|Any CPU
		{B533692A-94B4-484E-8CE3-48E0EF1400D0}.Release|Any CPU.Build.0 = Release|Any CPU
		{7C29E037-7019-41CA-B642-54BF2F2FE16B}.Debug|Any CPU.ActiveCfg = Debug|Any CPU
		{7C29E037-7019-41CA-B642-54BF2F2FE16B}.Debug|Any CPU.Build.0 = Debug|Any CPU
		{7C29E037-7019-41CA-B642-54BF2F2FE16B}.Release|Any CPU.ActiveCfg = Release|Any CPU
		{7C29E037-7019-41CA-B642-54BF2F2FE16B}.Release|Any CPU.Build.0 = Release|Any CPU
		{54588F9E-D36E-4E57-A88E-187FDCEC2DA2}.Debug|Any CPU.ActiveCfg = Debug|Any CPU
		{54588F9E-D36E-4E57-A88E-187FDCEC2DA2}.Debug|Any CPU.Build.0 = Debug|Any CPU
		{54588F9E-D36E-4E57-A88E-187FDCEC2DA2}.Release|Any CPU.ActiveCfg = Release|Any CPU
		{54588F9E-D36E-4E57-A88E-187FDCEC2DA2}.Release|Any CPU.Build.0 = Release|Any CPU
		{AE0C1964-0CB6-492B-946A-1C60ABDB1889}.Debug|Any CPU.ActiveCfg = Debug|Any CPU
		{AE0C1964-0CB6-492B-946A-1C60ABDB1889}.Debug|Any CPU.Build.0 = Debug|Any CPU
		{AE0C1964-0CB6-492B-946A-1C60ABDB1889}.Release|Any CPU.ActiveCfg = Release|Any CPU
		{AE0C1964-0CB6-492B-946A-1C60ABDB1889}.Release|Any CPU.Build.0 = Release|Any CPU
		{A310FD99-2B11-4F0A-A831-2576D2525E1B}.Debug|Any CPU.ActiveCfg = Debug|Any CPU
		{A310FD99-2B11-4F0A-A831-2576D2525E1B}.Debug|Any CPU.Build.0 = Debug|Any CPU
		{A310FD99-2B11-4F0A-A831-2576D2525E1B}.Release|Any CPU.ActiveCfg = Release|Any CPU
		{A310FD99-2B11-4F0A-A831-2576D2525E1B}.Release|Any CPU.Build.0 = Release|Any CPU
		{26712E25-BC6F-4940-BCD0-C030E295FD00}.Debug|Any CPU.ActiveCfg = Debug|Any CPU
		{26712E25-BC6F-4940-BCD0-C030E295FD00}.Debug|Any CPU.Build.0 = Debug|Any CPU
		{26712E25-BC6F-4940-BCD0-C030E295FD00}.Release|Any CPU.ActiveCfg = Release|Any CPU
		{26712E25-BC6F-4940-BCD0-C030E295FD00}.Release|Any CPU.Build.0 = Release|Any CPU
		{40630078-C439-4CF9-B4BA-4CBD87DA90ED}.Debug|Any CPU.ActiveCfg = Debug|Any CPU
		{40630078-C439-4CF9-B4BA-4CBD87DA90ED}.Debug|Any CPU.Build.0 = Debug|Any CPU
		{40630078-C439-4CF9-B4BA-4CBD87DA90ED}.Release|Any CPU.ActiveCfg = Release|Any CPU
		{40630078-C439-4CF9-B4BA-4CBD87DA90ED}.Release|Any CPU.Build.0 = Release|Any CPU
		{05866662-3653-4DD4-BE2C-A6F7BFFAC796}.Debug|Any CPU.ActiveCfg = Debug|Any CPU
		{05866662-3653-4DD4-BE2C-A6F7BFFAC796}.Debug|Any CPU.Build.0 = Debug|Any CPU
		{05866662-3653-4DD4-BE2C-A6F7BFFAC796}.Release|Any CPU.ActiveCfg = Release|Any CPU
		{05866662-3653-4DD4-BE2C-A6F7BFFAC796}.Release|Any CPU.Build.0 = Release|Any CPU
		{20269470-CEF2-4EAD-A798-AE701880E9EE}.Debug|Any CPU.ActiveCfg = Debug|Any CPU
		{20269470-CEF2-4EAD-A798-AE701880E9EE}.Debug|Any CPU.Build.0 = Debug|Any CPU
		{20269470-CEF2-4EAD-A798-AE701880E9EE}.Release|Any CPU.ActiveCfg = Release|Any CPU
		{20269470-CEF2-4EAD-A798-AE701880E9EE}.Release|Any CPU.Build.0 = Release|Any CPU
		{80D904C8-CF55-4F06-BBCF-8AF78115D63F}.Debug|Any CPU.ActiveCfg = Debug|Any CPU
		{80D904C8-CF55-4F06-BBCF-8AF78115D63F}.Debug|Any CPU.Build.0 = Debug|Any CPU
		{80D904C8-CF55-4F06-BBCF-8AF78115D63F}.Release|Any CPU.ActiveCfg = Release|Any CPU
		{80D904C8-CF55-4F06-BBCF-8AF78115D63F}.Release|Any CPU.Build.0 = Release|Any CPU
		{C7E70D00-9290-4E69-A4BF-F4D5E1DC948E}.Debug|Any CPU.ActiveCfg = Debug|Any CPU
		{C7E70D00-9290-4E69-A4BF-F4D5E1DC948E}.Debug|Any CPU.Build.0 = Debug|Any CPU
		{C7E70D00-9290-4E69-A4BF-F4D5E1DC948E}.Release|Any CPU.ActiveCfg = Release|Any CPU
		{C7E70D00-9290-4E69-A4BF-F4D5E1DC948E}.Release|Any CPU.Build.0 = Release|Any CPU
		{975F088F-59F9-482C-85A1-E3BAF95B6477}.Debug|Any CPU.ActiveCfg = Debug|Any CPU
		{975F088F-59F9-482C-85A1-E3BAF95B6477}.Debug|Any CPU.Build.0 = Debug|Any CPU
		{975F088F-59F9-482C-85A1-E3BAF95B6477}.Release|Any CPU.ActiveCfg = Release|Any CPU
		{975F088F-59F9-482C-85A1-E3BAF95B6477}.Release|Any CPU.Build.0 = Release|Any CPU
		{E37A649A-8A3D-44E3-B741-EA5F0737355A}.Debug|Any CPU.ActiveCfg = Debug|Any CPU
		{E37A649A-8A3D-44E3-B741-EA5F0737355A}.Debug|Any CPU.Build.0 = Debug|Any CPU
		{E37A649A-8A3D-44E3-B741-EA5F0737355A}.Release|Any CPU.ActiveCfg = Release|Any CPU
		{E37A649A-8A3D-44E3-B741-EA5F0737355A}.Release|Any CPU.Build.0 = Release|Any CPU
		{023CB3DE-93BF-44F2-8F1D-598ED94466EC}.Debug|Any CPU.ActiveCfg = Debug|Any CPU
		{023CB3DE-93BF-44F2-8F1D-598ED94466EC}.Debug|Any CPU.Build.0 = Debug|Any CPU
		{023CB3DE-93BF-44F2-8F1D-598ED94466EC}.Release|Any CPU.ActiveCfg = Release|Any CPU
		{023CB3DE-93BF-44F2-8F1D-598ED94466EC}.Release|Any CPU.Build.0 = Release|Any CPU
	EndGlobalSection
	GlobalSection(SolutionProperties) = preSolution
		HideSolutionNode = FALSE
	EndGlobalSection
	GlobalSection(NestedProjects) = preSolution
		{0C508A14-7004-4B01-AE8E-C7E48B4660A3} = {02EA681E-C7D8-13C7-8484-4AC65E1B71E8}
		{F3D2C29A-5D64-47B2-88E5-31FC0295019E} = {02EA681E-C7D8-13C7-8484-4AC65E1B71E8}
		{49C0FF2D-D5E7-48CA-B739-9D729FE758DC} = {02EA681E-C7D8-13C7-8484-4AC65E1B71E8}
		{C3E0D42B-A3BA-4381-92EE-82C69F6E4779} = {8E325360-7A55-456C-A3B3-1D929052722B}
		{F153527A-59DF-4432-B6F5-FDEE41CEC4BE} = {8E325360-7A55-456C-A3B3-1D929052722B}
		{B0264CB1-DFAC-4A5C-9934-0983A5F98C78} = {8E325360-7A55-456C-A3B3-1D929052722B}
		{418A8DDD-A7EF-4F34-B111-54EA6DFEBB97} = {5CD967BB-4B53-4AC6-BD11-1A6E44955667}
		{B533692A-94B4-484E-8CE3-48E0EF1400D0} = {5CD967BB-4B53-4AC6-BD11-1A6E44955667}
		{7C29E037-7019-41CA-B642-54BF2F2FE16B} = {5CD967BB-4B53-4AC6-BD11-1A6E44955667}
		{54588F9E-D36E-4E57-A88E-187FDCEC2DA2} = {AD39C9F8-B258-4B98-B4DB-BA553424D4C5}
		{AE0C1964-0CB6-492B-946A-1C60ABDB1889} = {AD39C9F8-B258-4B98-B4DB-BA553424D4C5}
		{A310FD99-2B11-4F0A-A831-2576D2525E1B} = {AD39C9F8-B258-4B98-B4DB-BA553424D4C5}
		{26712E25-BC6F-4940-BCD0-C030E295FD00} = {92CC9C60-6432-43D7-968F-3BB5C195924A}
		{40630078-C439-4CF9-B4BA-4CBD87DA90ED} = {92CC9C60-6432-43D7-968F-3BB5C195924A}
		{05866662-3653-4DD4-BE2C-A6F7BFFAC796} = {92CC9C60-6432-43D7-968F-3BB5C195924A}
		{20269470-CEF2-4EAD-A798-AE701880E9EE} = {685DACED-B1CB-4D17-A6AE-FDD0C541398F}
		{80D904C8-CF55-4F06-BBCF-8AF78115D63F} = {685DACED-B1CB-4D17-A6AE-FDD0C541398F}
		{C7E70D00-9290-4E69-A4BF-F4D5E1DC948E} = {685DACED-B1CB-4D17-A6AE-FDD0C541398F}
		{975F088F-59F9-482C-85A1-E3BAF95B6477} = {5A71B637-B898-4845-94C1-E2DD33E3B6F5}
		{E37A649A-8A3D-44E3-B741-EA5F0737355A} = {5A71B637-B898-4845-94C1-E2DD33E3B6F5}
		{023CB3DE-93BF-44F2-8F1D-598ED94466EC} = {5A71B637-B898-4845-94C1-E2DD33E3B6F5}
	EndGlobalSection
	GlobalSection(ExtensibilityGlobals) = postSolution
		SolutionGuid = {C5EE6FD1-42FB-4BFA-A8FD-C13A3764F36D}
	EndGlobalSection
EndGlobal
